
Microsoft Visual Studio Solution File, Format Version 12.00
# Visual Studio Version 17
VisualStudioVersion = 17.1.32228.430
MinimumVisualStudioVersion = 10.0.40219.1
Project("{FAE04EC0-301F-11D3-BF4B-00C04F79EFBC}") = "AIS_Payment_Bills", "AIS_Payment_Bills.csproj", "{9B4FBBF0-E590-4F00-BCBF-62CBEBAF6D49}"
EndProject
Global
	GlobalSection(SolutionConfigurationPlatforms) = preSolution
		Debug|Any CPU = Debug|Any CPU
		Release|Any CPU = Release|Any CPU
	EndGlobalSection
	GlobalSection(ProjectConfigurationPlatforms) = postSolution
		{9B4FBBF0-E590-4F00-BCBF-62CBEBAF6D49}.Debug|Any CPU.ActiveCfg = Debug|Any CPU
		{9B4FBBF0-E590-4F00-BCBF-62CBEBAF6D49}.Debug|Any CPU.Build.0 = Debug|Any CPU
		{9B4FBBF0-E590-4F00-BCBF-62CBEBAF6D49}.Release|Any CPU.ActiveCfg = Release|Any CPU
		{9B4FBBF0-E590-4F00-BCBF-62CBEBAF6D49}.Release|Any CPU.Build.0 = Release|Any CPU
	EndGlobalSection
	GlobalSection(SolutionProperties) = preSolution
		HideSolutionNode = FALSE
	EndGlobalSection
	GlobalSection(ExtensibilityGlobals) = postSolution
		SolutionGuid = {5763703C-A2B9-4547-ABCE-2E01367E48C0}
	EndGlobalSection
EndGlobal
